
Microsoft Visual Studio Solution File, Format Version 12.00
# Visual Studio Version 16
VisualStudioVersion = 16.0.31321.278
MinimumVisualStudioVersion = 10.0.40219.1
Project("{FAE04EC0-301F-11D3-BF4B-00C04F79EFBC}") = "1-PrimeiroProjeto", "1-PrimeiroProjeto\1-PrimeiroProjeto.csproj", "{478178FD-A708-4F73-9F6F-802176AFA9CE}"
EndProject
Project("{FAE04EC0-301F-11D3-BF4B-00C04F79EFBC}") = "2-CriandoVariaveis", "2-CriandoVariaveis\2-CriandoVariaveis.csproj", "{6BE8D4FC-22BE-47B3-B296-19938E033346}"
EndProject
Project("{FAE04EC0-301F-11D3-BF4B-00C04F79EFBC}") = "3-CriandoVariaveisPontoFlutuante", "3-CriandoVariaveisPontoFlutuante\3-CriandoVariaveisPontoFlutuante.csproj", "{A833F90A-51B0-4E8D-9F2D-B8C00FF3964A}"
EndProject
Project("{FAE04EC0-301F-11D3-BF4B-00C04F79EFBC}") = "4-ConversoesEOutrosTiposNumericos", "4-ConversoesEOutrosTiposNumericos\4-ConversoesEOutrosTiposNumericos.csproj", "{A5AF9EE4-6CC1-4103-AA29-C906FFF365D0}"
EndProject
Project("{FAE04EC0-301F-11D3-BF4B-00C04F79EFBC}") = "5-CaracteresETextos", "5-CaracteresETextos\5-CaracteresETextos.csproj", "{4FF7F40F-ADD1-4F2F-AEE8-D9C1D84814F5}"
EndProject
Project("{FAE04EC0-301F-11D3-BF4B-00C04F79EFBC}") = "6-AtribuiçõesDeVariáveis", "6-AtribuiçõesDeVariáveis\6-AtribuiçõesDeVariáveis.csproj", "{6D663963-4691-471D-8233-F7C7CBB485E1}"
EndProject
Project("{FAE04EC0-301F-11D3-BF4B-00C04F79EFBC}") = "7-Condicionais", "7-Condicionais\7-Condicionais.csproj", "{AD5EE564-3F93-4B7A-84CB-FE457F3C7382}"
EndProject
Project("{FAE04EC0-301F-11D3-BF4B-00C04F79EFBC}") = "8-Condicionais2", "8-Condicionais2\8-Condicionais2.csproj", "{745AA950-6C2F-4DFA-96AD-9FB818C819B3}"
EndProject
Project("{FAE04EC0-301F-11D3-BF4B-00C04F79EFBC}") = "9-Escopo", "9-Escopo\9-Escopo.csproj", "{8B851158-E736-49FC-B348-9757B4437650}"
EndProject
Project("{FAE04EC0-301F-11D3-BF4B-00C04F79EFBC}") = "P10-CalculaPoupanca", "P10-CalculaPoupanca\P10-CalculaPoupanca.csproj", "{54CF1987-DB5A-4B0F-A34A-9ADB2584E2B5}"
EndProject
Global
	GlobalSection(SolutionConfigurationPlatforms) = preSolution
		Debug|Any CPU = Debug|Any CPU
		Release|Any CPU = Release|Any CPU
	EndGlobalSection
	GlobalSection(ProjectConfigurationPlatforms) = postSolution
		{478178FD-A708-4F73-9F6F-802176AFA9CE}.Debug|Any CPU.ActiveCfg = Debug|Any CPU
		{478178FD-A708-4F73-9F6F-802176AFA9CE}.Debug|Any CPU.Build.0 = Debug|Any CPU
		{478178FD-A708-4F73-9F6F-802176AFA9CE}.Release|Any CPU.ActiveCfg = Release|Any CPU
		{478178FD-A708-4F73-9F6F-802176AFA9CE}.Release|Any CPU.Build.0 = Release|Any CPU
		{6BE8D4FC-22BE-47B3-B296-19938E033346}.Debug|Any CPU.ActiveCfg = Debug|Any CPU
		{6BE8D4FC-22BE-47B3-B296-19938E033346}.Debug|Any CPU.Build.0 = Debug|Any CPU
		{6BE8D4FC-22BE-47B3-B296-19938E033346}.Release|Any CPU.ActiveCfg = Release|Any CPU
		{6BE8D4FC-22BE-47B3-B296-19938E033346}.Release|Any CPU.Build.0 = Release|Any CPU
		{A833F90A-51B0-4E8D-9F2D-B8C00FF3964A}.Debug|Any CPU.ActiveCfg = Debug|Any CPU
		{A833F90A-51B0-4E8D-9F2D-B8C00FF3964A}.Debug|Any CPU.Build.0 = Debug|Any CPU
		{A833F90A-51B0-4E8D-9F2D-B8C00FF3964A}.Release|Any CPU.ActiveCfg = Release|Any CPU
		{A833F90A-51B0-4E8D-9F2D-B8C00FF3964A}.Release|Any CPU.Build.0 = Release|Any CPU
		{A5AF9EE4-6CC1-4103-AA29-C906FFF365D0}.Debug|Any CPU.ActiveCfg = Debug|Any CPU
		{A5AF9EE4-6CC1-4103-AA29-C906FFF365D0}.Debug|Any CPU.Build.0 = Debug|Any CPU
		{A5AF9EE4-6CC1-4103-AA29-C906FFF365D0}.Release|Any CPU.ActiveCfg = Release|Any CPU
		{A5AF9EE4-6CC1-4103-AA29-C906FFF365D0}.Release|Any CPU.Build.0 = Release|Any CPU
		{4FF7F40F-ADD1-4F2F-AEE8-D9C1D84814F5}.Debug|Any CPU.ActiveCfg = Debug|Any CPU
		{4FF7F40F-ADD1-4F2F-AEE8-D9C1D84814F5}.Debug|Any CPU.Build.0 = Debug|Any CPU
		{4FF7F40F-ADD1-4F2F-AEE8-D9C1D84814F5}.Release|Any CPU.ActiveCfg = Release|Any CPU
		{4FF7F40F-ADD1-4F2F-AEE8-D9C1D84814F5}.Release|Any CPU.Build.0 = Release|Any CPU
		{6D663963-4691-471D-8233-F7C7CBB485E1}.Debug|Any CPU.ActiveCfg = Debug|Any CPU
		{6D663963-4691-471D-8233-F7C7CBB485E1}.Debug|Any CPU.Build.0 = Debug|Any CPU
		{6D663963-4691-471D-8233-F7C7CBB485E1}.Release|Any CPU.ActiveCfg = Release|Any CPU
		{6D663963-4691-471D-8233-F7C7CBB485E1}.Release|Any CPU.Build.0 = Release|Any CPU
		{AD5EE564-3F93-4B7A-84CB-FE457F3C7382}.Debug|Any CPU.ActiveCfg = Debug|Any CPU
		{AD5EE564-3F93-4B7A-84CB-FE457F3C7382}.Debug|Any CPU.Build.0 = Debug|Any CPU
		{AD5EE564-3F93-4B7A-84CB-FE457F3C7382}.Release|Any CPU.ActiveCfg = Release|Any CPU
		{AD5EE564-3F93-4B7A-84CB-FE457F3C7382}.Release|Any CPU.Build.0 = Release|Any CPU
		{745AA950-6C2F-4DFA-96AD-9FB818C819B3}.Debug|Any CPU.ActiveCfg = Debug|Any CPU
		{745AA950-6C2F-4DFA-96AD-9FB818C819B3}.Debug|Any CPU.Build.0 = Debug|Any CPU
		{745AA950-6C2F-4DFA-96AD-9FB818C819B3}.Release|Any CPU.ActiveCfg = Release|Any CPU
		{745AA950-6C2F-4DFA-96AD-9FB818C819B3}.Release|Any CPU.Build.0 = Release|Any CPU
		{8B851158-E736-49FC-B348-9757B4437650}.Debug|Any CPU.ActiveCfg = Debug|Any CPU
		{8B851158-E736-49FC-B348-9757B4437650}.Debug|Any CPU.Build.0 = Debug|Any CPU
		{8B851158-E736-49FC-B348-9757B4437650}.Release|Any CPU.ActiveCfg = Release|Any CPU
		{8B851158-E736-49FC-B348-9757B4437650}.Release|Any CPU.Build.0 = Release|Any CPU
		{54CF1987-DB5A-4B0F-A34A-9ADB2584E2B5}.Debug|Any CPU.ActiveCfg = Debug|Any CPU
		{54CF1987-DB5A-4B0F-A34A-9ADB2584E2B5}.Debug|Any CPU.Build.0 = Debug|Any CPU
		{54CF1987-DB5A-4B0F-A34A-9ADB2584E2B5}.Release|Any CPU.ActiveCfg = Release|Any CPU
		{54CF1987-DB5A-4B0F-A34A-9ADB2584E2B5}.Release|Any CPU.Build.0 = Release|Any CPU
	EndGlobalSection
	GlobalSection(SolutionProperties) = preSolution
		HideSolutionNode = FALSE
	EndGlobalSection
	GlobalSection(ExtensibilityGlobals) = postSolution
		SolutionGuid = {98FFF872-C5F4-4BDE-B991-68DF9926EA53}
	EndGlobalSection
EndGlobal
